{
  "object": {
    "pins": [
      {
        "package": "虎.engine.base",
        "repositoryURL": "https://github.com/waterdine/hu.engine.base.git",
        "state": {
          "branch": null,
          "revision": "563fb11a6a9a6e8c6e062d411a3882acbd571711",
          "version": "0.0.3"
        }
      },
      {
        "package": "虎.engine.puzzle",
        "repositoryURL": "https://github.com/waterdine/hu.engine.puzzle.git",
        "state": {
          "branch": null,
          "revision": "ec3624accb82555644de5622a76e60482d1d4af5",
          "version": "0.0.3"
        }
      },
      {
        "package": "虎.engine.story",
        "repositoryURL": "https://github.com/waterdine/hu.engine.story.git",
        "state": {
          "branch": null,
          "revision": "88565c8c27e300c801ac16e0fa1b1199be3f65e9",
          "version": "0.0.3"
        }
      }
    ]
  },
  "version": 1
}
